{
	"name": "tembo",
	"lockfileVersion": 3,
	"requires": true,
	"packages": {
		"": {
			"name": "tembo",
			"license": "MIT",
			"dependencies": {
				"@raycast/api": "^1.88.0"
			},
			"devDependencies": {
				"@raycast/eslint-config": "^1.0.6",
				"@types/node": "^20.8.10",
				"@types/react": "^18.2.37",
				"eslint": "^8.51.0",
				"prettier": "^3.0.3",
				"typescript": "^5.2.2"
			}
		},
		"../../node_modules/.pnpm/@raycast+api@1.102.5_@types+node@20.19.11_@types+react@18.3.24/node_modules/@raycast/api": {
			"version": "1.102.5",
			"license": "MIT",
			"dependencies": {
				"@oclif/core": "^4.4.1",
				"@oclif/plugin-autocomplete": "^3.2.31",
				"@oclif/plugin-help": "^6.2.29",
				"@oclif/plugin-not-found": "^3.2.57",
				"@types/node": "22.13.10",
				"@types/react": "19.0.10",
				"esbuild": "^0.25.5",
				"react": "19.0.0"
			},
			"bin": {
				"ray": "bin/run.js"
			},
			"engines": {
				"node": ">=22.14.0"
			},
			"peerDependencies": {
				"@types/node": "22.13.10",
				"@types/react": "19.0.10",
				"react-devtools": "6.1.1"
			},
			"peerDependenciesMeta": {
				"@types/node": {
					"optional": true
				},
				"@types/react": {
					"optional": true
				},
				"react-devtools": {
					"optional": true
				}
			}
		},
		"../../node_modules/.pnpm/@raycast+eslint-config@1.0.11_eslint@8.57.1_prettier@3.6.2_typescript@5.8.3/node_modules/@raycast/eslint-config": {
			"version": "1.0.11",
			"dev": true,
			"license": "MIT",
			"dependencies": {
				"@raycast/eslint-plugin": "^1.0.11",
				"@rushstack/eslint-patch": "^1.10.4",
				"@typescript-eslint/eslint-plugin": "^6.8.0",
				"@typescript-eslint/parser": "^6.8.0",
				"eslint-config-prettier": "^9.1.0"
			},
			"peerDependencies": {
				"eslint": ">=7",
				"prettier": ">=2",
				"typescript": ">=4"
			}
		},
		"../../node_modules/.pnpm/@types+node@20.19.11/node_modules/@types/node": {
			"version": "20.19.11",
			"dev": true,
			"license": "MIT",
			"dependencies": {
				"undici-types": "~6.21.0"
			}
		},
		"../../node_modules/.pnpm/@types+react@18.3.24/node_modules/@types/react": {
			"version": "18.3.24",
			"dev": true,
			"license": "MIT",
			"dependencies": {
				"@types/prop-types": "*",
				"csstype": "^3.0.2"
			}
		},
		"../../node_modules/.pnpm/eslint@8.57.1/node_modules/eslint": {
			"version": "8.57.1",
			"dev": true,
			"license": "MIT",
			"dependencies": {
				"@eslint-community/eslint-utils": "^4.2.0",
				"@eslint-community/regexpp": "^4.6.1",
				"@eslint/eslintrc": "^2.1.4",
				"@eslint/js": "8.57.1",
				"@humanwhocodes/config-array": "^0.13.0",
				"@humanwhocodes/module-importer": "^1.0.1",
				"@nodelib/fs.walk": "^1.2.8",
				"@ungap/structured-clone": "^1.2.0",
				"ajv": "^6.12.4",
				"chalk": "^4.0.0",
				"cross-spawn": "^7.0.2",
				"debug": "^4.3.2",
				"doctrine": "^3.0.0",
				"escape-string-regexp": "^4.0.0",
				"eslint-scope": "^7.2.2",
				"eslint-visitor-keys": "^3.4.3",
				"espree": "^9.6.1",
				"esquery": "^1.4.2",
				"esutils": "^2.0.2",
				"fast-deep-equal": "^3.1.3",
				"file-entry-cache": "^6.0.1",
				"find-up": "^5.0.0",
				"glob-parent": "^6.0.2",
				"globals": "^13.19.0",
				"graphemer": "^1.4.0",
				"ignore": "^5.2.0",
				"imurmurhash": "^0.1.4",
				"is-glob": "^4.0.0",
				"is-path-inside": "^3.0.3",
				"js-yaml": "^4.1.0",
				"json-stable-stringify-without-jsonify": "^1.0.1",
				"levn": "^0.4.1",
				"lodash.merge": "^4.6.2",
				"minimatch": "^3.1.2",
				"natural-compare": "^1.4.0",
				"optionator": "^0.9.3",
				"strip-ansi": "^6.0.1",
				"text-table": "^0.2.0"
			},
			"bin": {
				"eslint": "bin/eslint.js"
			},
			"devDependencies": {
				"@babel/core": "^7.4.3",
				"@babel/preset-env": "^7.4.3",
				"@sinonjs/fake-timers": "11.2.2",
				"@wdio/browser-runner": "^8.14.6",
				"@wdio/cli": "^8.14.6",
				"@wdio/concise-reporter": "^8.14.0",
				"@wdio/globals": "^8.14.6",
				"@wdio/mocha-framework": "^8.14.0",
				"babel-loader": "^8.0.5",
				"c8": "^7.12.0",
				"chai": "^4.0.1",
				"cheerio": "^0.22.0",
				"common-tags": "^1.8.0",
				"core-js": "^3.1.3",
				"ejs": "^3.0.2",
				"eslint": "file:.",
				"eslint-config-eslint": "file:packages/eslint-config-eslint",
				"eslint-plugin-eslint-comments": "^3.2.0",
				"eslint-plugin-eslint-plugin": "^5.2.1",
				"eslint-plugin-internal-rules": "file:tools/internal-rules",
				"eslint-plugin-jsdoc": "^46.2.5",
				"eslint-plugin-n": "^16.6.0",
				"eslint-plugin-unicorn": "^49.0.0",
				"eslint-release": "^3.3.0",
				"eslump": "^3.0.0",
				"esprima": "^4.0.1",
				"fast-glob": "^3.2.11",
				"fs-teardown": "^0.1.3",
				"glob": "^7.1.6",
				"got": "^11.8.3",
				"gray-matter": "^4.0.3",
				"lint-staged": "^11.0.0",
				"load-perf": "^0.2.0",
				"markdown-it": "^12.2.0",
				"markdown-it-container": "^3.0.0",
				"markdownlint": "^0.32.0",
				"markdownlint-cli": "^0.37.0",
				"marked": "^4.0.8",
				"memfs": "^3.0.1",
				"metascraper": "^5.25.7",
				"metascraper-description": "^5.25.7",
				"metascraper-image": "^5.29.3",
				"metascraper-logo": "^5.25.7",
				"metascraper-logo-favicon": "^5.25.7",
				"metascraper-title": "^5.25.7",
				"mocha": "^8.3.2",
				"mocha-junit-reporter": "^2.0.0",
				"node-polyfill-webpack-plugin": "^1.0.3",
				"npm-license": "^0.3.3",
				"pirates": "^4.0.5",
				"progress": "^2.0.3",
				"proxyquire": "^2.0.1",
				"recast": "^0.23.0",
				"regenerator-runtime": "^0.14.0",
				"rollup-plugin-node-polyfills": "^0.2.1",
				"semver": "^7.5.3",
				"shelljs": "^0.8.2",
				"sinon": "^11.0.0",
				"vite-plugin-commonjs": "0.10.1",
				"webdriverio": "^8.14.6",
				"webpack": "^5.23.0",
				"webpack-cli": "^4.5.0",
				"yorkie": "^2.0.0"
			},
			"engines": {
				"node": "^12.22.0 || ^14.17.0 || >=16.0.0"
			},
			"funding": {
				"url": "https://opencollective.com/eslint"
			}
		},
		"../../node_modules/.pnpm/prettier@3.6.2/node_modules/prettier": {
			"version": "3.6.2",
			"dev": true,
			"license": "MIT",
			"bin": {
				"prettier": "bin/prettier.cjs"
			},
			"engines": {
				"node": ">=14"
			},
			"funding": {
				"url": "https://github.com/prettier/prettier?sponsor=1"
			}
		},
		"../../node_modules/.pnpm/typescript@5.8.3/node_modules/typescript": {
			"version": "5.8.3",
			"dev": true,
			"license": "Apache-2.0",
			"bin": {
				"tsc": "bin/tsc",
				"tsserver": "bin/tsserver"
			},
			"devDependencies": {
				"@dprint/formatter": "^0.4.1",
				"@dprint/typescript": "0.93.3",
				"@esfx/canceltoken": "^1.0.0",
				"@eslint/js": "^9.17.0",
				"@octokit/rest": "^21.0.2",
				"@types/chai": "^4.3.20",
				"@types/diff": "^5.2.3",
				"@types/minimist": "^1.2.5",
				"@types/mocha": "^10.0.10",
				"@types/ms": "^0.7.34",
				"@types/node": "latest",
				"@types/source-map-support": "^0.5.10",
				"@types/which": "^3.0.4",
				"@typescript-eslint/rule-tester": "^8.18.1",
				"@typescript-eslint/type-utils": "^8.18.1",
				"@typescript-eslint/utils": "^8.18.1",
				"azure-devops-node-api": "^14.1.0",
				"c8": "^10.1.3",
				"chai": "^4.5.0",
				"chalk": "^4.1.2",
				"chokidar": "^3.6.0",
				"diff": "^5.2.0",
				"dprint": "^0.47.6",
				"esbuild": "^0.24.0",
				"eslint": "^9.17.0",
				"eslint-formatter-autolinkable-stylish": "^1.4.0",
				"eslint-plugin-regexp": "^2.7.0",
				"fast-xml-parser": "^4.5.1",
				"glob": "^10.4.5",
				"globals": "^15.13.0",
				"hereby": "^1.10.0",
				"jsonc-parser": "^3.3.1",
				"knip": "^5.41.0",
				"minimist": "^1.2.8",
				"mocha": "^10.8.2",
				"mocha-fivemat-progress-reporter": "^0.1.0",
				"monocart-coverage-reports": "^2.11.4",
				"ms": "^2.1.3",
				"playwright": "^1.49.1",
				"source-map-support": "^0.5.21",
				"tslib": "^2.8.1",
				"typescript": "^5.7.2",
				"typescript-eslint": "^8.18.1",
				"which": "^3.0.1"
			},
			"engines": {
				"node": ">=14.17"
			}
		},
		"node_modules/@raycast/api": {
			"resolved": "../../node_modules/.pnpm/@raycast+api@1.102.5_@types+node@20.19.11_@types+react@18.3.24/node_modules/@raycast/api",
			"link": true
		},
		"node_modules/@raycast/eslint-config": {
			"resolved": "../../node_modules/.pnpm/@raycast+eslint-config@1.0.11_eslint@8.57.1_prettier@3.6.2_typescript@5.8.3/node_modules/@raycast/eslint-config",
			"link": true
		},
		"node_modules/@types/node": {
			"resolved": "../../node_modules/.pnpm/@types+node@20.19.11/node_modules/@types/node",
			"link": true
		},
		"node_modules/@types/react": {
			"resolved": "../../node_modules/.pnpm/@types+react@18.3.24/node_modules/@types/react",
			"link": true
		},
		"node_modules/eslint": {
			"resolved": "../../node_modules/.pnpm/eslint@8.57.1/node_modules/eslint",
			"link": true
		},
		"node_modules/prettier": {
			"resolved": "../../node_modules/.pnpm/prettier@3.6.2/node_modules/prettier",
			"link": true
		},
		"node_modules/typescript": {
			"resolved": "../../node_modules/.pnpm/typescript@5.8.3/node_modules/typescript",
			"link": true
		}
	}
}