{
  "lockfile_version": "1",
  "packages": {
    "github:NixOS/nixpkgs/nixpkgs-unstable": {
      "last_modified": "2026-06-01T17:55:45Z",
      "resolved": "github:NixOS/nixpkgs/4df1b885d76a54e1aa1a318f8d16fd6005b6401f?lastModified=1780336545&narHash=sha256-vhVhuXzFrIOfcssC%2F9hDHx7MHzDKjF3keHuREOQqQiQ%3D"
    },
    "just@latest": {
      "last_modified": "2024-01-14T03:55:27Z",
      "resolved": "github:NixOS/nixpkgs/dd5621df6dcb90122b50da5ec31c411a0de3e538#just",
      "source": "devbox-search",
      "version": "1.23.0",
      "systems": {
        "aarch64-darwin": {
          "store_path": "/nix/store/vdj4pgs99brvnz55axgsd6q3cydz4g92-just-1.23.0"
        },
        "aarch64-linux": {
          "store_path": "/nix/store/8nx31h529h85m39b97rspqfryr4cwy4p-just-1.23.0"
        },
        "x86_64-darwin": {
          "store_path": "/nix/store/pl6kcpl9swl9r2xbmq34zaxcy58lxz42-just-1.23.0"
        },
        "x86_64-linux": {
          "store_path": "/nix/store/mvxixdbl6z79p012gdz2qhys8h41blji-just-1.23.0"
        }
      }
    },
    "nodePackages.prettier@latest": {
      "last_modified": "2024-01-14T03:55:27Z",
      "resolved": "github:NixOS/nixpkgs/dd5621df6dcb90122b50da5ec31c411a0de3e538#nodePackages.prettier",
      "source": "devbox-search",
      "version": "3.1.0",
      "systems": {
        "aarch64-darwin": {
          "store_path": "/nix/store/k5zc646kj5dk2hw389wn7s7izj3073kl-prettier-3.1.0"
        },
        "aarch64-linux": {
          "store_path": "/nix/store/k15crikrxnllb2piy1146slnj24b0s44-prettier-3.1.0"
        },
        "x86_64-darwin": {
          "store_path": "/nix/store/wyvksdib2kszhrhsasrn9b9nlk0p6fi7-prettier-3.1.0"
        },
        "x86_64-linux": {
          "store_path": "/nix/store/i9nq5lkzjpf73315qm0ic02i4y4zqykc-prettier-3.1.0"
        }
      }
    },
    "nodejs@24": {
      "last_modified": "2025-12-27T12:56:01Z",
      "plugin_version": "0.0.2",
      "resolved": "github:NixOS/nixpkgs/3edc4a30ed3903fdf6f90c837f961fa6b49582d1#nodejs_24",
      "source": "devbox-search",
      "version": "24.12.0",
      "systems": {
        "aarch64-darwin": {
          "outputs": [
            {
              "name": "out",
              "path": "/nix/store/b1h0af3yb3z9jz048phclcqw6ihiww67-nodejs-24.12.0",
              "default": true
            },
            {
              "name": "dev",
              "path": "/nix/store/ksn4nj0nbp0ikmh4scy9x4biqqdswwhy-nodejs-24.12.0-dev"
            },
            {
              "name": "libv8",
              "path": "/nix/store/3x72bm7l30ib7l7cximrp0sklcq8jqwy-nodejs-24.12.0-libv8"
            }
          ],
          "store_path": "/nix/store/b1h0af3yb3z9jz048phclcqw6ihiww67-nodejs-24.12.0"
        },
        "aarch64-linux": {
          "outputs": [
            {
              "name": "out",
              "path": "/nix/store/9jfsyhcr9c6rpm94lrkibv75jkggvwss-nodejs-24.12.0",
              "default": true
            },
            {
              "name": "dev",
              "path": "/nix/store/7izhv9x1yvsmyrhmmyps6bxjjclajm80-nodejs-24.12.0-dev"
            },
            {
              "name": "libv8",
              "path": "/nix/store/8hl74pnc1qyz68rg10ixw7fz32hcxqkk-nodejs-24.12.0-libv8"
            }
          ],
          "store_path": "/nix/store/9jfsyhcr9c6rpm94lrkibv75jkggvwss-nodejs-24.12.0"
        },
        "x86_64-darwin": {
          "outputs": [
            {
              "name": "out",
              "path": "/nix/store/cj1243xswxvnwgifyiyg8axhn0r2vl48-nodejs-24.12.0",
              "default": true
            },
            {
              "name": "dev",
              "path": "/nix/store/kzia3rkaf9vwpn3py23q9v49jpjm6zx7-nodejs-24.12.0-dev"
            },
            {
              "name": "libv8",
              "path": "/nix/store/xszji81xj7ghjhz7jk0jkhb84nfwyd8f-nodejs-24.12.0-libv8"
            }
          ],
          "store_path": "/nix/store/cj1243xswxvnwgifyiyg8axhn0r2vl48-nodejs-24.12.0"
        },
        "x86_64-linux": {
          "outputs": [
            {
              "name": "out",
              "path": "/nix/store/9z1v3wyrxp6fpyzw21lcakd5w7aknzyc-nodejs-24.12.0",
              "default": true
            },
            {
              "name": "libv8",
              "path": "/nix/store/5yvx909wlis13qd2y1ahwl7ij21ma69a-nodejs-24.12.0-libv8"
            },
            {
              "name": "dev",
              "path": "/nix/store/7ll99p08gmpg0n048669p80zjibl5akr-nodejs-24.12.0-dev"
            }
          ],
          "store_path": "/nix/store/9z1v3wyrxp6fpyzw21lcakd5w7aknzyc-nodejs-24.12.0"
        }
      }
    },
    "pre-commit@latest": {
      "last_modified": "2024-01-18T00:05:01Z",
      "resolved": "github:NixOS/nixpkgs/921fb3319c2a296fc65048272d22f3db889d7292#pre-commit",
      "source": "devbox-search",
      "version": "3.6.0",
      "systems": {
        "aarch64-darwin": {
          "store_path": "/nix/store/i49v43p1a33gmdib1hg0fp9chn1bzakb-pre-commit-3.6.0"
        },
        "aarch64-linux": {
          "store_path": "/nix/store/pfhx6ckglrj4j0wv17nzms2qc3wrbszi-pre-commit-3.6.0"
        },
        "x86_64-darwin": {
          "store_path": "/nix/store/l0nf5ivi8vbc35r5ppm7ak5hx6c7nf50-pre-commit-3.6.0"
        },
        "x86_64-linux": {
          "store_path": "/nix/store/1j57wynzsd9a0fihjj21rj42m870a7sx-pre-commit-3.6.0"
        }
      }
    }
  }
}
