{
  "name": "extensions",
  "lockfileVersion": 2,
  "requires": true,
  "packages": {
    "node_modules/base64-js": {
      "version": "1.5.1",
      "resolved": "https://registry.npmjs.org/base64-js/-/base64-js-1.5.1.tgz",
      "integrity": "sha512-AKpaYlHn8t4SVbOHCy+b5+KKgvR4vrsD8vbvrbiQJps7fKDTkjkDry6ji0rUJjC0kzbNePLwzxq8iypo41qeWA==",
      "funding": [
        {
          "type": "github",
          "url": "https://github.com/sponsors/feross"
        },
        {
          "type": "patreon",
          "url": "https://www.patreon.com/feross"
        },
        {
          "type": "consulting",
          "url": "https://feross.org/support"
        }
      ]
    },
    "node_modules/big-integer": {
      "version": "1.6.51",
      "resolved": "https://registry.npmjs.org/big-integer/-/big-integer-1.6.51.tgz",
      "integrity": "sha512-GPEid2Y9QU1Exl1rpO9B2IPJGHPSupF5GnVIP0blYvNOMer2bTvSWs1jGOUg04hTmu67nmLsQ9TBo1puaotBHg==",
      "engines": {
        "node": ">=0.6"
      }
    },
    "node_modules/bplist-creator": {
      "version": "0.1.0",
      "resolved": "https://registry.npmjs.org/bplist-creator/-/bplist-creator-0.1.0.tgz",
      "integrity": "sha512-sXaHZicyEEmY86WyueLTQesbeoH/mquvarJaQNbjuOQO+7gbFcDEWqKmcWA4cOTLzFlfgvkiVxolk1k5bBIpmg==",
      "dependencies": {
        "stream-buffers": "2.2.x"
      }
    },
    "node_modules/bplist-parser": {
      "version": "0.3.0",
      "resolved": "https://registry.npmjs.org/bplist-parser/-/bplist-parser-0.3.0.tgz",
      "integrity": "sha512-zgmaRvT6AN1JpPPV+S0a1/FAtoxSreYDccZGIqEMSvZl9DMe70mJ7MFzpxa1X+gHVdkToE2haRUHHMiW1OdejA==",
      "dependencies": {
        "big-integer": "1.6.x"
      },
      "engines": {
        "node": ">= 5.10.0"
      }
    },
    "node_modules/plist": {
      "version": "3.0.4",
      "resolved": "https://registry.npmjs.org/plist/-/plist-3.0.4.tgz",
      "integrity": "sha512-ksrr8y9+nXOxQB2osVNqrgvX/XQPOXaU4BQMKjYq8PvaY1U18mo+fKgBSwzK+luSyinOuPae956lSVcBwxlAMg==",
      "dependencies": {
        "base64-js": "^1.5.1",
        "xmlbuilder": "^9.0.7"
      },
      "engines": {
        "node": ">=6"
      }
    },
    "node_modules/simple-plist": {
      "version": "1.3.0",
      "resolved": "https://registry.npmjs.org/simple-plist/-/simple-plist-1.3.0.tgz",
      "integrity": "sha512-uYWpeGFtZtVt2NhG4AHgpwx323zxD85x42heMJBan1qAiqqozIlaGrwrEt6kRjXWRWIXsuV1VLCvVmZan2B5dg==",
      "dependencies": {
        "bplist-creator": "0.1.0",
        "bplist-parser": "0.3.0",
        "plist": "^3.0.4"
      }
    },
    "node_modules/stream-buffers": {
      "version": "2.2.0",
      "resolved": "https://registry.npmjs.org/stream-buffers/-/stream-buffers-2.2.0.tgz",
      "integrity": "sha1-kdX1Ew0c75bc+n9yaUUYh0HQnuQ=",
      "engines": {
        "node": ">= 0.10.0"
      }
    },
    "node_modules/xmlbuilder": {
      "version": "9.0.7",
      "resolved": "https://registry.npmjs.org/xmlbuilder/-/xmlbuilder-9.0.7.tgz",
      "integrity": "sha1-Ey7mPS7FVlxVfiD0wi35rKaGsQ0=",
      "engines": {
        "node": ">=4.0"
      }
    }
  },
  "dependencies": {
    "base64-js": {
      "version": "1.5.1",
      "resolved": "https://registry.npmjs.org/base64-js/-/base64-js-1.5.1.tgz",
      "integrity": "sha512-AKpaYlHn8t4SVbOHCy+b5+KKgvR4vrsD8vbvrbiQJps7fKDTkjkDry6ji0rUJjC0kzbNePLwzxq8iypo41qeWA=="
    },
    "big-integer": {
      "version": "1.6.51",
      "resolved": "https://registry.npmjs.org/big-integer/-/big-integer-1.6.51.tgz",
      "integrity": "sha512-GPEid2Y9QU1Exl1rpO9B2IPJGHPSupF5GnVIP0blYvNOMer2bTvSWs1jGOUg04hTmu67nmLsQ9TBo1puaotBHg=="
    },
    "bplist-creator": {
      "version": "0.1.0",
      "resolved": "https://registry.npmjs.org/bplist-creator/-/bplist-creator-0.1.0.tgz",
      "integrity": "sha512-sXaHZicyEEmY86WyueLTQesbeoH/mquvarJaQNbjuOQO+7gbFcDEWqKmcWA4cOTLzFlfgvkiVxolk1k5bBIpmg==",
      "requires": {
        "stream-buffers": "2.2.x"
      }
    },
    "bplist-parser": {
      "version": "0.3.0",
      "resolved": "https://registry.npmjs.org/bplist-parser/-/bplist-parser-0.3.0.tgz",
      "integrity": "sha512-zgmaRvT6AN1JpPPV+S0a1/FAtoxSreYDccZGIqEMSvZl9DMe70mJ7MFzpxa1X+gHVdkToE2haRUHHMiW1OdejA==",
      "requires": {
        "big-integer": "1.6.x"
      }
    },
    "plist": {
      "version": "3.0.4",
      "resolved": "https://registry.npmjs.org/plist/-/plist-3.0.4.tgz",
      "integrity": "sha512-ksrr8y9+nXOxQB2osVNqrgvX/XQPOXaU4BQMKjYq8PvaY1U18mo+fKgBSwzK+luSyinOuPae956lSVcBwxlAMg==",
      "requires": {
        "base64-js": "^1.5.1",
        "xmlbuilder": "^9.0.7"
      }
    },
    "simple-plist": {
      "version": "https://registry.npmjs.org/simple-plist/-/simple-plist-1.3.0.tgz",
      "integrity": "sha512-uYWpeGFtZtVt2NhG4AHgpwx323zxD85x42heMJBan1qAiqqozIlaGrwrEt6kRjXWRWIXsuV1VLCvVmZan2B5dg==",
      "requires": {
        "bplist-creator": "0.1.0",
        "bplist-parser": "0.3.0",
        "plist": "^3.0.4"
      }
    },
    "stream-buffers": {
      "version": "2.2.0",
      "resolved": "https://registry.npmjs.org/stream-buffers/-/stream-buffers-2.2.0.tgz",
      "integrity": "sha1-kdX1Ew0c75bc+n9yaUUYh0HQnuQ="
    },
    "xmlbuilder": {
      "version": "9.0.7",
      "resolved": "https://registry.npmjs.org/xmlbuilder/-/xmlbuilder-9.0.7.tgz",
      "integrity": "sha1-Ey7mPS7FVlxVfiD0wi35rKaGsQ0="
    }
  }
}
