{
  "pins" : [
    {
      "identity" : "extensions-swift-tools",
      "kind" : "remoteSourceControl",
      "location" : "https://github.com/raycast/extensions-swift-tools",
      "state" : {
        "revision" : "210a1eb786e8b2725473300fc5bcebb3a33bb59e",
        "version" : "1.0.2"
      }
    },
    {
      "identity" : "swift-syntax",
      "kind" : "remoteSourceControl",
      "location" : "https://github.com/apple/swift-syntax.git",
      "state" : {
        "revision" : "64889f0c732f210a935a0ad7cda38f77f876262d",
        "version" : "509.1.1"
      }
    }
  ],
  "version" : 2
}
