{
     "name": "ip-info",
     "version": "1.0.0",
     "lockfileVersion": 3,
     "requires": true,
     "packages": {
          "": {
               "name": "ip-info",
               "version": "1.0.0",
               "license": "ISC",
               "dependencies": {
                    "@raycast/api": "^1.84.2",
                    "@raycast/utils": "^1.18.0",
                    "node-fetch": "^3.2.0"
               },
               "devDependencies": {
                    "@types/node": "~18.8.3",
                    "@types/node-fetch": "^2.6.1",
                    "@types/react": "^18.0.9",
                    "typescript": "^4.9.5"
               }
          },
          "node_modules/@raycast/api": {
               "version": "1.84.2",
               "resolved": "https://registry.npmjs.org/@raycast/api/-/api-1.84.2.tgz",
               "integrity": "sha512-c+G+hgBmFJQRWsN0teJKOqaz5Q7IovA6ENRkIQn3q47mcd+8paogYCP6UemWmzFAZGTgFbCuj9CK7ByKN9p9Gw==",
               "hasInstallScript": true,
               "license": "MIT",
               "dependencies": {
                    "@types/node": "^20.8.10",
                    "@types/react": "^18.3.3",
                    "react": "18.3.1"
               },
               "bin": {
                    "ray": "bin/ray"
               },
               "peerDependencies": {
                    "@types/node": "20.8.10",
                    "@types/react": "18.3.3",
                    "react-devtools": "5.2.0"
               },
               "peerDependenciesMeta": {
                    "@types/node": {
                         "optional": true
                    },
                    "@types/react": {
                         "optional": true
                    },
                    "react-devtools": {
                         "optional": true
                    }
               }
          },
          "node_modules/@raycast/api/node_modules/@types/node": {
               "version": "20.16.11",
               "resolved": "https://registry.npmjs.org/@types/node/-/node-20.16.11.tgz",
               "integrity": "sha512-y+cTCACu92FyA5fgQSAI8A1H429g7aSK2HsO7K4XYUWc4dY5IUz55JSDIYT6/VsOLfGy8vmvQYC2hfb0iF16Uw==",
               "license": "MIT",
               "dependencies": {
                    "undici-types": "~6.19.2"
               }
          },
          "node_modules/@raycast/utils": {
               "version": "1.18.0",
               "resolved": "https://registry.npmjs.org/@raycast/utils/-/utils-1.18.0.tgz",
               "integrity": "sha512-Y4gIlI8wSdgGzk6cibJNYjNuUKgqlGQ0xTe5y8jCHcvoaJjbohNYj48sFRCo3pLW7JxicsOQkNRpfWRVBqGnZQ==",
               "license": "MIT",
               "dependencies": {
                    "cross-fetch": "^3.1.6",
                    "dequal": "^2.0.3",
                    "object-hash": "^3.0.0",
                    "signal-exit": "^4.0.2",
                    "stream-chain": "^2.2.5",
                    "stream-json": "^1.8.0"
               },
               "peerDependencies": {
                    "@raycast/api": ">=1.69.0"
               }
          },
          "node_modules/@types/node": {
               "version": "18.8.5",
               "resolved": "https://registry.npmjs.org/@types/node/-/node-18.8.5.tgz",
               "integrity": "sha512-Bq7G3AErwe5A/Zki5fdD3O6+0zDChhg671NfPjtIcbtzDNZTv4NPKMRFr7gtYPG7y+B8uTiNK4Ngd9T0FTar6Q==",
               "dev": true,
               "license": "MIT"
          },
          "node_modules/@types/node-fetch": {
               "version": "2.6.11",
               "resolved": "https://registry.npmjs.org/@types/node-fetch/-/node-fetch-2.6.11.tgz",
               "integrity": "sha512-24xFj9R5+rfQJLRyM56qh+wnVSYhyXC2tkoBndtY0U+vubqNsYXGjufB2nn8Q6gt0LrARwL6UBtMCSVCwl4B1g==",
               "dev": true,
               "license": "MIT",
               "dependencies": {
                    "@types/node": "*",
                    "form-data": "^4.0.0"
               }
          },
          "node_modules/@types/prop-types": {
               "version": "15.7.13",
               "resolved": "https://registry.npmjs.org/@types/prop-types/-/prop-types-15.7.13.tgz",
               "integrity": "sha512-hCZTSvwbzWGvhqxp/RqVqwU999pBf2vp7hzIjiYOsl8wqOmUxkQ6ddw1cV3l8811+kdUFus/q4d1Y3E3SyEifA==",
               "license": "MIT"
          },
          "node_modules/@types/react": {
               "version": "18.3.11",
               "resolved": "https://registry.npmjs.org/@types/react/-/react-18.3.11.tgz",
               "integrity": "sha512-r6QZ069rFTjrEYgFdOck1gK7FLVsgJE7tTz0pQBczlBNUhBNk0MQH4UbnFSwjpQLMkLzgqvBBa+qGpLje16eTQ==",
               "license": "MIT",
               "dependencies": {
                    "@types/prop-types": "*",
                    "csstype": "^3.0.2"
               }
          },
          "node_modules/asynckit": {
               "version": "0.4.0",
               "resolved": "https://registry.npmjs.org/asynckit/-/asynckit-0.4.0.tgz",
               "integrity": "sha512-Oei9OH4tRh0YqU3GxhX79dM/mwVgvbZJaSNaRk+bshkj0S5cfHcgYakreBjrHwatXKbz+IoIdYLxrKim2MjW0Q==",
               "dev": true,
               "license": "MIT"
          },
          "node_modules/combined-stream": {
               "version": "1.0.8",
               "resolved": "https://registry.npmjs.org/combined-stream/-/combined-stream-1.0.8.tgz",
               "integrity": "sha512-FQN4MRfuJeHf7cBbBMJFXhKSDq+2kAArBlmRBvcvFE5BB1HZKXtSFASDhdlz9zOYwxh8lDdnvmMOe/+5cdoEdg==",
               "dev": true,
               "license": "MIT",
               "dependencies": {
                    "delayed-stream": "~1.0.0"
               },
               "engines": {
                    "node": ">= 0.8"
               }
          },
          "node_modules/cross-fetch": {
               "version": "3.1.8",
               "resolved": "https://registry.npmjs.org/cross-fetch/-/cross-fetch-3.1.8.tgz",
               "integrity": "sha512-cvA+JwZoU0Xq+h6WkMvAUqPEYy92Obet6UdKLfW60qn99ftItKjB5T+BkyWOFWe2pUyfQ+IJHmpOTznqk1M6Kg==",
               "license": "MIT",
               "dependencies": {
                    "node-fetch": "^2.6.12"
               }
          },
          "node_modules/cross-fetch/node_modules/node-fetch": {
               "version": "2.7.0",
               "resolved": "https://registry.npmjs.org/node-fetch/-/node-fetch-2.7.0.tgz",
               "integrity": "sha512-c4FRfUm/dbcWZ7U+1Wq0AwCyFL+3nt2bEw05wfxSz+DWpWsitgmSgYmy2dQdWyKC1694ELPqMs/YzUSNozLt8A==",
               "license": "MIT",
               "dependencies": {
                    "whatwg-url": "^5.0.0"
               },
               "engines": {
                    "node": "4.x || >=6.0.0"
               },
               "peerDependencies": {
                    "encoding": "^0.1.0"
               },
               "peerDependenciesMeta": {
                    "encoding": {
                         "optional": true
                    }
               }
          },
          "node_modules/csstype": {
               "version": "3.1.3",
               "resolved": "https://registry.npmjs.org/csstype/-/csstype-3.1.3.tgz",
               "integrity": "sha512-M1uQkMl8rQK/szD0LNhtqxIPLpimGm8sOBwU7lLnCpSbTyY3yeU1Vc7l4KT5zT4s/yOxHH5O7tIuuLOCnLADRw==",
               "license": "MIT"
          },
          "node_modules/data-uri-to-buffer": {
               "version": "4.0.1",
               "resolved": "https://registry.npmjs.org/data-uri-to-buffer/-/data-uri-to-buffer-4.0.1.tgz",
               "integrity": "sha512-0R9ikRb668HB7QDxT1vkpuUBtqc53YyAwMwGeUFKRojY/NWKvdZ+9UYtRfGmhqNbRkTSVpMbmyhXipFFv2cb/A==",
               "license": "MIT",
               "engines": {
                    "node": ">= 12"
               }
          },
          "node_modules/delayed-stream": {
               "version": "1.0.0",
               "resolved": "https://registry.npmjs.org/delayed-stream/-/delayed-stream-1.0.0.tgz",
               "integrity": "sha512-ZySD7Nf91aLB0RxL4KGrKHBXl7Eds1DAmEdcoVawXnLD7SDhpNgtuII2aAkg7a7QS41jxPSZ17p4VdGnMHk3MQ==",
               "dev": true,
               "license": "MIT",
               "engines": {
                    "node": ">=0.4.0"
               }
          },
          "node_modules/dequal": {
               "version": "2.0.3",
               "resolved": "https://registry.npmjs.org/dequal/-/dequal-2.0.3.tgz",
               "integrity": "sha512-0je+qPKHEMohvfRTCEo3CrPG6cAzAYgmzKyxRiYSSDkS6eGJdyVJm7WaYA5ECaAD9wLB2T4EEeymA5aFVcYXCA==",
               "license": "MIT",
               "engines": {
                    "node": ">=6"
               }
          },
          "node_modules/fetch-blob": {
               "version": "3.2.0",
               "resolved": "https://registry.npmjs.org/fetch-blob/-/fetch-blob-3.2.0.tgz",
               "integrity": "sha512-7yAQpD2UMJzLi1Dqv7qFYnPbaPx7ZfFK6PiIxQ4PfkGPyNyl2Ugx+a/umUonmKqjhM4DnfbMvdX6otXq83soQQ==",
               "funding": [
                    {
                         "type": "github",
                         "url": "https://github.com/sponsors/jimmywarting"
                    },
                    {
                         "type": "paypal",
                         "url": "https://paypal.me/jimmywarting"
                    }
               ],
               "license": "MIT",
               "dependencies": {
                    "node-domexception": "^1.0.0",
                    "web-streams-polyfill": "^3.0.3"
               },
               "engines": {
                    "node": "^12.20 || >= 14.13"
               }
          },
          "node_modules/form-data": {
               "version": "4.0.1",
               "resolved": "https://registry.npmjs.org/form-data/-/form-data-4.0.1.tgz",
               "integrity": "sha512-tzN8e4TX8+kkxGPK8D5u0FNmjPUjw3lwC9lSLxxoB/+GtsJG91CO8bSWy73APlgAZzZbXEYZJuxjkHH2w+Ezhw==",
               "dev": true,
               "license": "MIT",
               "dependencies": {
                    "asynckit": "^0.4.0",
                    "combined-stream": "^1.0.8",
                    "mime-types": "^2.1.12"
               },
               "engines": {
                    "node": ">= 6"
               }
          },
          "node_modules/formdata-polyfill": {
               "version": "4.0.10",
               "resolved": "https://registry.npmjs.org/formdata-polyfill/-/formdata-polyfill-4.0.10.tgz",
               "integrity": "sha512-buewHzMvYL29jdeQTVILecSaZKnt/RJWjoZCF5OW60Z67/GmSLBkOFM7qh1PI3zFNtJbaZL5eQu1vLfazOwj4g==",
               "license": "MIT",
               "dependencies": {
                    "fetch-blob": "^3.1.2"
               },
               "engines": {
                    "node": ">=12.20.0"
               }
          },
          "node_modules/js-tokens": {
               "version": "4.0.0",
               "resolved": "https://registry.npmjs.org/js-tokens/-/js-tokens-4.0.0.tgz",
               "integrity": "sha512-RdJUflcE3cUzKiMqQgsCu06FPu9UdIJO0beYbPhHN4k6apgJtifcoCtT9bcxOpYBtpD2kCM6Sbzg4CausW/PKQ==",
               "license": "MIT"
          },
          "node_modules/loose-envify": {
               "version": "1.4.0",
               "resolved": "https://registry.npmjs.org/loose-envify/-/loose-envify-1.4.0.tgz",
               "integrity": "sha512-lyuxPGr/Wfhrlem2CL/UcnUc1zcqKAImBDzukY7Y5F/yQiNdko6+fRLevlw1HgMySw7f611UIY408EtxRSoK3Q==",
               "license": "MIT",
               "dependencies": {
                    "js-tokens": "^3.0.0 || ^4.0.0"
               },
               "bin": {
                    "loose-envify": "cli.js"
               }
          },
          "node_modules/mime-db": {
               "version": "1.52.0",
               "resolved": "https://registry.npmjs.org/mime-db/-/mime-db-1.52.0.tgz",
               "integrity": "sha512-sPU4uV7dYlvtWJxwwxHD0PuihVNiE7TyAbQ5SWxDCB9mUYvOgroQOwYQQOKPJ8CIbE+1ETVlOoK1UC2nU3gYvg==",
               "dev": true,
               "license": "MIT",
               "engines": {
                    "node": ">= 0.6"
               }
          },
          "node_modules/mime-types": {
               "version": "2.1.35",
               "resolved": "https://registry.npmjs.org/mime-types/-/mime-types-2.1.35.tgz",
               "integrity": "sha512-ZDY+bPm5zTTF+YpCrAU9nK0UgICYPT0QtT1NZWFv4s++TNkcgVaT0g6+4R2uI4MjQjzysHB1zxuWL50hzaeXiw==",
               "dev": true,
               "license": "MIT",
               "dependencies": {
                    "mime-db": "1.52.0"
               },
               "engines": {
                    "node": ">= 0.6"
               }
          },
          "node_modules/node-domexception": {
               "version": "1.0.0",
               "resolved": "https://registry.npmjs.org/node-domexception/-/node-domexception-1.0.0.tgz",
               "integrity": "sha512-/jKZoMpw0F8GRwl4/eLROPA3cfcXtLApP0QzLmUT/HuPCZWyB7IY9ZrMeKw2O/nFIqPQB3PVM9aYm0F312AXDQ==",
               "funding": [
                    {
                         "type": "github",
                         "url": "https://github.com/sponsors/jimmywarting"
                    },
                    {
                         "type": "github",
                         "url": "https://paypal.me/jimmywarting"
                    }
               ],
               "license": "MIT",
               "engines": {
                    "node": ">=10.5.0"
               }
          },
          "node_modules/node-fetch": {
               "version": "3.3.2",
               "resolved": "https://registry.npmjs.org/node-fetch/-/node-fetch-3.3.2.tgz",
               "integrity": "sha512-dRB78srN/l6gqWulah9SrxeYnxeddIG30+GOqK/9OlLVyLg3HPnr6SqOWTWOXKRwC2eGYCkZ59NNuSgvSrpgOA==",
               "license": "MIT",
               "dependencies": {
                    "data-uri-to-buffer": "^4.0.0",
                    "fetch-blob": "^3.1.4",
                    "formdata-polyfill": "^4.0.10"
               },
               "engines": {
                    "node": "^12.20.0 || ^14.13.1 || >=16.0.0"
               },
               "funding": {
                    "type": "opencollective",
                    "url": "https://opencollective.com/node-fetch"
               }
          },
          "node_modules/object-hash": {
               "version": "3.0.0",
               "resolved": "https://registry.npmjs.org/object-hash/-/object-hash-3.0.0.tgz",
               "integrity": "sha512-RSn9F68PjH9HqtltsSnqYC1XXoWe9Bju5+213R98cNGttag9q9yAOTzdbsqvIa7aNm5WffBZFpWYr2aWrklWAw==",
               "license": "MIT",
               "engines": {
                    "node": ">= 6"
               }
          },
          "node_modules/react": {
               "version": "18.3.1",
               "resolved": "https://registry.npmjs.org/react/-/react-18.3.1.tgz",
               "integrity": "sha512-wS+hAgJShR0KhEvPJArfuPVN1+Hz1t0Y6n5jLrGQbkb4urgPE/0Rve+1kMB1v/oWgHgm4WIcV+i7F2pTVj+2iQ==",
               "license": "MIT",
               "dependencies": {
                    "loose-envify": "^1.1.0"
               },
               "engines": {
                    "node": ">=0.10.0"
               }
          },
          "node_modules/signal-exit": {
               "version": "4.1.0",
               "resolved": "https://registry.npmjs.org/signal-exit/-/signal-exit-4.1.0.tgz",
               "integrity": "sha512-bzyZ1e88w9O1iNJbKnOlvYTrWPDl46O1bG0D3XInv+9tkPrxrN8jUUTiFlDkkmKWgn1M6CfIA13SuGqOa9Korw==",
               "license": "ISC",
               "engines": {
                    "node": ">=14"
               },
               "funding": {
                    "url": "https://github.com/sponsors/isaacs"
               }
          },
          "node_modules/stream-chain": {
               "version": "2.2.5",
               "resolved": "https://registry.npmjs.org/stream-chain/-/stream-chain-2.2.5.tgz",
               "integrity": "sha512-1TJmBx6aSWqZ4tx7aTpBDXK0/e2hhcNSTV8+CbFJtDjbb+I1mZ8lHit0Grw9GRT+6JbIrrDd8esncgBi8aBXGA==",
               "license": "BSD-3-Clause"
          },
          "node_modules/stream-json": {
               "version": "1.8.0",
               "resolved": "https://registry.npmjs.org/stream-json/-/stream-json-1.8.0.tgz",
               "integrity": "sha512-HZfXngYHUAr1exT4fxlbc1IOce1RYxp2ldeaf97LYCOPSoOqY/1Psp7iGvpb+6JIOgkra9zDYnPX01hGAHzEPw==",
               "license": "BSD-3-Clause",
               "dependencies": {
                    "stream-chain": "^2.2.5"
               }
          },
          "node_modules/tr46": {
               "version": "0.0.3",
               "resolved": "https://registry.npmjs.org/tr46/-/tr46-0.0.3.tgz",
               "integrity": "sha512-N3WMsuqV66lT30CrXNbEjx4GEwlow3v6rr4mCcv6prnfwhS01rkgyFdjPNBYd9br7LpXV1+Emh01fHnq2Gdgrw==",
               "license": "MIT"
          },
          "node_modules/typescript": {
               "version": "4.9.5",
               "resolved": "https://registry.npmjs.org/typescript/-/typescript-4.9.5.tgz",
               "integrity": "sha512-1FXk9E2Hm+QzZQ7z+McJiHL4NW1F2EzMu9Nq9i3zAaGqibafqYwCVU6WyWAuyQRRzOlxou8xZSyXLEN8oKj24g==",
               "dev": true,
               "license": "Apache-2.0",
               "bin": {
                    "tsc": "bin/tsc",
                    "tsserver": "bin/tsserver"
               },
               "engines": {
                    "node": ">=4.2.0"
               }
          },
          "node_modules/undici-types": {
               "version": "6.19.8",
               "resolved": "https://registry.npmjs.org/undici-types/-/undici-types-6.19.8.tgz",
               "integrity": "sha512-ve2KP6f/JnbPBFyobGHuerC9g1FYGn/F8n1LWTwNxCEzd6IfqTwUQcNXgEtmmQ6DlRrC1hrSrBnCZPokRrDHjw==",
               "license": "MIT"
          },
          "node_modules/web-streams-polyfill": {
               "version": "3.3.3",
               "resolved": "https://registry.npmjs.org/web-streams-polyfill/-/web-streams-polyfill-3.3.3.tgz",
               "integrity": "sha512-d2JWLCivmZYTSIoge9MsgFCZrt571BikcWGYkjC1khllbTeDlGqZ2D8vD8E/lJa8WGWbb7Plm8/XJYV7IJHZZw==",
               "license": "MIT",
               "engines": {
                    "node": ">= 8"
               }
          },
          "node_modules/webidl-conversions": {
               "version": "3.0.1",
               "resolved": "https://registry.npmjs.org/webidl-conversions/-/webidl-conversions-3.0.1.tgz",
               "integrity": "sha512-2JAn3z8AR6rjK8Sm8orRC0h/bcl/DqL7tRPdGZ4I1CjdF+EaMLmYxBHyXuKL849eucPFhvBoxMsflfOb8kxaeQ==",
               "license": "BSD-2-Clause"
          },
          "node_modules/whatwg-url": {
               "version": "5.0.0",
               "resolved": "https://registry.npmjs.org/whatwg-url/-/whatwg-url-5.0.0.tgz",
               "integrity": "sha512-saE57nupxk6v3HY35+jzBwYa0rKSy0XR8JSxZPwgLr7ys0IBzhGviA1/TUGJLmSVqs8pb9AnvICXEuOHLprYTw==",
               "license": "MIT",
               "dependencies": {
                    "tr46": "~0.0.3",
                    "webidl-conversions": "^3.0.0"
               }
          }
     }
}
