{
  "pins" : [
    {
      "identity" : "extensions-swift-tools",
      "kind" : "remoteSourceControl",
      "location" : "https://github.com/raycast/extensions-swift-tools",
      "state" : {
        "revision" : "020a9eaa3c8ce18c32d127f6886809dd4907847c",
        "version" : "1.0.0"
      }
    },
    {
      "identity" : "swift-syntax",
      "kind" : "remoteSourceControl",
      "location" : "https://github.com/apple/swift-syntax.git",
      "state" : {
        "revision" : "43c802fb7f96e090dde015344a94b5e85779eff1",
        "version" : "509.1.0"
      }
    }
  ],
  "version" : 2
}
