{
  "name": "cross-platform-process-manager",
  "lockfileVersion": 3,
  "requires": true,
  "packages": {
    "": {
      "name": "cross-platform-process-manager",
      "license": "MIT",
      "dependencies": {
        "@raycast/api": "^1.77.0"
      },
      "devDependencies": {
        "@raycast/eslint-config": "^1.0.8",
        "@types/node": "20.8.10",
        "@types/react": "18.2.27",
        "@types/react-dom": "18.2.18",
        "eslint": "^8.51.0",
        "prettier": "^3.0.3",
        "typescript": "^5.2.2"
      }
    },
    "node_modules/@raycast/api": {
      "version": "1.77.0",
      "resolved": "https://registry.npmjs.org/@raycast/api/-/api-1.77.0.tgz",
      "integrity": "sha512-1+2+3+4+5+6+7+8+9+0+1+2+3+4+5+6+7+8+9+0+1+2+3+4+5+6+7+8+9+0="
    },
    "node_modules/@raycast/eslint-config": {
      "version": "1.0.8",
      "resolved": "https://registry.npmjs.org/@raycast/eslint-config/-/eslint-config-1.0.8.tgz",
      "integrity": "sha512-xYqHe5J058b+2+3+4+5+6+7+8+9+0+1+2+3+4+5+6+7+8+9+0+1+2+3+4+5+6+7+8+9+0=",
      "dev": true
    },
    "node_modules/@types/node": {
      "version": "20.8.10",
      "resolved": "https://registry.npmjs.org/@types/node/-/node-20.8.10.tgz",
      "integrity": "sha512-TlgT8JntpcbmKUFzjhsyhGfP2fsiz1Mv56im6enJ905xG1DAYesxJaeSbGqQmAw8OWPdhyJGhGSQGKRNJ45u9w==",
      "dev": true
    },
    "node_modules/@types/react": {
      "version": "18.2.27",
      "resolved": "https://registry.npmjs.org/@types/react/-/react-18.2.27.tgz",
      "integrity": "sha512-Wfv7B7FZiR2r3MIqbAlXoY1+tXm4bOqfz4oRr+nyXdBqapDBZ0l/IGcSlAfvxIHEEJjkPU0MYAc/BlFPOcrgLw==",
      "dev": true
    },
    "node_modules/@types/react-dom": {
      "version": "18.2.18",
      "resolved": "https://registry.npmjs.org/@types/react-dom/-/react-dom-18.2.18.tgz",
      "integrity": "sha512-TJxDm6OfAX2KJWJdMEVTwWke5Sc/E/RlnPGvGfS0W7+6ocy2xhDVQVh/KvC2Uf7kACs+gDytdusDSdWfWkaNzw==",
      "dev": true
    },
    "node_modules/eslint": {
      "version": "8.51.0",
      "resolved": "https://registry.npmjs.org/eslint/-/eslint-8.51.0.tgz",
      "integrity": "sha512-2WuxRZBrlwnXi+/vFSJyjMqrNjtJqiasMzehF0shoLaW7DzS3/9Yvrmq5JiT66+pNjiX4UBnLDiKHcWAr/OInA==",
      "dev": true
    },
    "node_modules/prettier": {
      "version": "3.0.3",
      "resolved": "https://registry.npmjs.org/prettier/-/prettier-3.0.3.tgz",
      "integrity": "sha512-L/4pUDMxcNa8R/EthV08Zt42WBO4h1rarVtK0K+QJG0X187OLo7l699jWw0GKuwzkPQ//jMFA/8Xm6Fh3J/DAg==",
      "dev": true,
      "bin": {
        "prettier": "bin/prettier.cjs"
      }
    },
    "node_modules/typescript": {
      "version": "5.2.2",
      "resolved": "https://registry.npmjs.org/typescript/-/typescript-5.2.2.tgz",
      "integrity": "sha512-mI4WrpHsbCIcwT9cF4FZvr80QUeKvsUsUvKDoR+X/7XHQH98xYD8YHZg7ANtz2GtZt/CBq2QJ0thkGJMHfqc1w==",
      "dev": true,
      "bin": {
        "tsc": "bin/tsc",
        "tsserver": "bin/tsserver"
      }
    }
  }
}
